
Microsoft Visual Studio Solution File, Format Version 12.00
# Visual Studio 15
VisualStudioVersion = 15.0.26228.9
MinimumVisualStudioVersion = 10.0.40219.1
Project("{FAE04EC0-301F-11D3-BF4B-00C04F79EFBC}") = "PerformanceTest", "PerformanceTest\PerformanceTest.csproj", "{D388A109-4EFD-4B82-A461-C43141283AFC}"
EndProject
Global
	GlobalSection(SolutionConfigurationPlatforms) = preSolution
		Debug|Any CPU = Debug|Any CPU
		Release|Any CPU = Release|Any CPU
	EndGlobalSection
	GlobalSection(ProjectConfigurationPlatforms) = postSolution
		{D388A109-4EFD-4B82-A461-C43141283AFC}.Debug|Any CPU.ActiveCfg = Debug|Any CPU
		{D388A109-4EFD-4B82-A461-C43141283AFC}.Debug|Any CPU.Build.0 = Debug|Any CPU
		{D388A109-4EFD-4B82-A461-C43141283AFC}.Release|Any CPU.ActiveCfg = Release|Any CPU
		{D388A109-4EFD-4B82-A461-C43141283AFC}.Release|Any CPU.Build.0 = Release|Any CPU
	EndGlobalSection
	GlobalSection(SolutionProperties) = preSolution
		HideSolutionNode = FALSE
	EndGlobalSection
EndGlobal
